<?xml version="1.0" encoding="utf-8"?>
<Project ToolsVersion="4.0" xmlns="http://schemas.microsoft.com/developer/msbuild/2003">
  <ItemGroup>
    <Filter Include="Source Files">
      <UniqueIdentifier>{4FC737F1-C7A5-4376-A066-2A32D752A2FF}</UniqueIdentifier>
      <Extensions>cpp;c;cc;cxx;c++;cppm;ixx;def;odl;idl;hpj;bat;asm;asmx</Extensions>
    </Filter>
    <Filter Include="Header Files">
      <UniqueIdentifier>{93995380-89BD-4b04-88EB-625FBE52EBFB}</UniqueIdentifier>
      <Extensions>h;hh;hpp;hxx;h++;hm;inl;inc;ipp;xsd</Extensions>
    </Filter>
    <Filter Include="Resource Files">
      <UniqueIdentifier>{67DA6AB6-F800-4c08-8B7A-83BB121AAD01}</UniqueIdentifier>
      <Extensions>rc;ico;cur;bmp;dlg;rc2;rct;bin;rgs;gif;jpg;jpeg;jpe;resx;tiff;tif;png;wav;mfcribbon-ms</Extensions>
    </Filter>
  </ItemGroup>
  <ItemGroup>
    <ClCompile Include="main.cpp">
      <Filter>Source Files</Filter>
    </ClCompile>
    <ClCompile Include="App.cpp">
      <Filter>Source Files</Filter>
    </ClCompile>
    <ClCompile Include="Blocks\BlockCommon.cpp">
      <Filter>Source Files</Filter>
    </ClCompile>
    <ClCompile Include="Blocks\BlockStorage.cpp">
      <Filter>Source Files</Filter>
    </ClCompile>
    <ClCompile Include="Blocks\Chunk.cpp">
      <Filter>Source Files</Filter>
    </ClCompile>
    <ClCompile Include="Blocks\ChunkRegion.cpp">
      <Filter>Source Files</Filter>
    </ClCompile>
    <ClCompile Include="Blocks\BlockWorld.cpp">
      <Filter>Source Files</Filter>
    </ClCompile>
    <ClCompile Include="Blocks\BlockIterator.cpp">
      <Filter>Source Files</Filter>
    </ClCompile>
    <ClCompile Include="Blocks\WorldGen\FlatWorldGenerator.cpp">
      <Filter>Source Files</Filter>
    </ClCompile>
    <ClCompile Include="Blocks\ChunkTable.cpp">
      <Filter>Source Files</Filter>
    </ClCompile>
    <ClCompile Include="Blocks\Physics\BlockPhysicsBody.cpp">
      <Filter>Source Files</Filter>
    </ClCompile>
    <ClCompile Include="Game\Game.cpp">
      <Filter>Source Files</Filter>
    </ClCompile>
    <ClCompile Include="Game\GMMenu.cpp">
      <Filter>Source Files</Filter>
    </ClCompile>
    <ClCompile Include="Game\GMHostGame.cpp">
      <Filter>Source Files</Filter>
    </ClCompile>
    <ClCompile Include="Actors\GameTag\GameTagLibrary.cpp">
      <Filter>Source Files</Filter>
    </ClCompile>
    <ClCompile Include="Actors\GameTag\GameTagCollection.cpp">
      <Filter>Source Files</Filter>
    </ClCompile>
    <ClCompile Include="Actors\ActorUtils.cpp">
      <Filter>Source Files</Filter>
    </ClCompile>
    <ClCompile Include="Actors\Actor.cpp">
      <Filter>Source Files</Filter>
    </ClCompile>
    <ClCompile Include="Net\RemoteEventUtils.cpp">
      <Filter>Source Files</Filter>
    </ClCompile>
    <ClCompile Include="Blocks\Physics\BlockPhysicsWorld.cpp">
      <Filter>Source Files</Filter>
    </ClCompile>
    <ClCompile Include="Actors\ActorSystem.cpp">
      <Filter>Source Files</Filter>
    </ClCompile>
    <ClCompile Include="Actors\Component\TransformComponent.cpp">
      <Filter>Source Files</Filter>
    </ClCompile>
    <ClCompile Include="Actors\Component\SkeletalModelComponent.cpp">
      <Filter>Source Files</Filter>
    </ClCompile>
    <ClCompile Include="Actors\ActorClasses\APlayerController.cpp">
      <Filter>Source Files</Filter>
    </ClCompile>
    <ClCompile Include="Actors\Component\ComponentReference.cpp">
      <Filter>Source Files</Filter>
    </ClCompile>
    <ClCompile Include="Actors\ActorClasses\AFlyCam.cpp">
      <Filter>Source Files</Filter>
    </ClCompile>
    <ClCompile Include="Actors\ActorClasses\AController.cpp">
      <Filter>Source Files</Filter>
    </ClCompile>
    <ClCompile Include="Actors\ActorClasses\APawn.cpp">
      <Filter>Source Files</Filter>
    </ClCompile>
    <ClCompile Include="Actors\ActorClasses\ACharacter.cpp">
      <Filter>Source Files</Filter>
    </ClCompile>
    <ClCompile Include="Net\CubikkiServer.cpp">
      <Filter>Source Files</Filter>
    </ClCompile>
    <ClCompile Include="Net\CubikkiClient.cpp">
      <Filter>Source Files</Filter>
    </ClCompile>
    <ClCompile Include="Game\GMClientGame.cpp">
      <Filter>Source Files</Filter>
    </ClCompile>
    <ClCompile Include="Game\Inventory\Inventory.cpp">
      <Filter>Source Files</Filter>
    </ClCompile>
    <ClCompile Include="Actors\ActorClasses\APlayer.cpp">
      <Filter>Source Files</Filter>
    </ClCompile>
  </ItemGroup>
  <ItemGroup>
    <ClInclude Include="App.hpp">
      <Filter>Header Files</Filter>
    </ClInclude>
    <ClInclude Include="Blocks\BlockCommon.hpp">
      <Filter>Header Files</Filter>
    </ClInclude>
    <ClInclude Include="Blocks\BlockStorage.hpp">
      <Filter>Header Files</Filter>
    </ClInclude>
    <ClInclude Include="Blocks\Block.hpp">
      <Filter>Header Files</Filter>
    </ClInclude>
    <ClInclude Include="Blocks\BlockIterator.hpp">
      <Filter>Header Files</Filter>
    </ClInclude>
    <ClInclude Include="Blocks\BlockWorld.hpp">
      <Filter>Header Files</Filter>
    </ClInclude>
    <ClInclude Include="Blocks\Chunk.hpp">
      <Filter>Header Files</Filter>
    </ClInclude>
    <ClInclude Include="Blocks\WorldGenerator.hpp">
      <Filter>Header Files</Filter>
    </ClInclude>
    <ClInclude Include="Blocks\ChunkRegion.hpp">
      <Filter>Header Files</Filter>
    </ClInclude>
    <ClInclude Include="Common.hpp">
      <Filter>Header Files</Filter>
    </ClInclude>
    <ClInclude Include="Blocks\BlockDef.hpp">
      <Filter>Header Files</Filter>
    </ClInclude>
    <ClInclude Include="Blocks\WorldGen\FlatWorldGenerator.hpp">
      <Filter>Header Files</Filter>
    </ClInclude>
    <ClInclude Include="Blocks\ChunkTable.hpp">
      <Filter>Header Files</Filter>
    </ClInclude>
    <ClInclude Include="Blocks\BlockLight.hpp">
      <Filter>Header Files</Filter>
    </ClInclude>
    <ClInclude Include="Game\Game.hpp">
      <Filter>Header Files</Filter>
    </ClInclude>
    <ClInclude Include="Blocks\Physics\BlockPhysicsBody.hpp">
      <Filter>Header Files</Filter>
    </ClInclude>
    <ClInclude Include="Net\CubikkiServer.hpp">
      <Filter>Header Files</Filter>
    </ClInclude>
    <ClInclude Include="Net\CubikkiMessage.hpp">
      <Filter>Header Files</Filter>
    </ClInclude>
    <ClInclude Include="Net\CubikkiClient.hpp">
      <Filter>Header Files</Filter>
    </ClInclude>
    <ClInclude Include="Game\GameMode.hpp">
      <Filter>Header Files</Filter>
    </ClInclude>
    <ClInclude Include="Game\GMMenu.hpp">
      <Filter>Header Files</Filter>
    </ClInclude>
    <ClInclude Include="Game\GMHostGame.hpp">
      <Filter>Header Files</Filter>
    </ClInclude>
    <ClInclude Include="Actors\Actor.hpp">
      <Filter>Header Files</Filter>
    </ClInclude>
    <ClInclude Include="Actors\ActorUID.hpp">
      <Filter>Header Files</Filter>
    </ClInclude>
    <ClInclude Include="Actors\GameTag\GameTagLibrary.hpp">
      <Filter>Header Files</Filter>
    </ClInclude>
    <ClInclude Include="Actors\GameTag\GameTagToken.hpp">
      <Filter>Header Files</Filter>
    </ClInclude>
    <ClInclude Include="Actors\GameTag\GameTagCollection.hpp">
      <Filter>Header Files</Filter>
    </ClInclude>
    <ClInclude Include="Actors\ActorDef.hpp">
      <Filter>Header Files</Filter>
    </ClInclude>
    <ClInclude Include="Actors\ActorType.hpp">
      <Filter>Header Files</Filter>
    </ClInclude>
    <ClInclude Include="Actors\ActorSystem.hpp">
      <Filter>Header Files</Filter>
    </ClInclude>
    <ClInclude Include="Actors\ActorUtils.hpp">
      <Filter>Header Files</Filter>
    </ClInclude>
    <ClInclude Include="Net\RemoteEventUtils.hpp">
      <Filter>Header Files</Filter>
    </ClInclude>
    <ClInclude Include="Blocks\Physics\BlockPhysicsWorld.hpp">
      <Filter>Header Files</Filter>
    </ClInclude>
    <ClInclude Include="Blocks\ChunkMesh.hpp">
      <Filter>Header Files</Filter>
    </ClInclude>
    <ClInclude Include="ResourceUtils.hpp">
      <Filter>Header Files</Filter>
    </ClInclude>
    <ClInclude Include="Actors\Component\TransformComponent.hpp">
      <Filter>Header Files</Filter>
    </ClInclude>
    <ClInclude Include="Actors\Component\SkeletalModelComponent.hpp">
      <Filter>Header Files</Filter>
    </ClInclude>
    <ClInclude Include="Actors\Component\ComponentList.hpp">
      <Filter>Header Files</Filter>
    </ClInclude>
    <ClInclude Include="Actors\Component\ComponentSystem.hpp">
      <Filter>Header Files</Filter>
    </ClInclude>
    <ClInclude Include="Actors\Component\ComponentReference.hpp">
      <Filter>Header Files</Filter>
    </ClInclude>
    <ClInclude Include="Actors\Component\ComponentUID.hpp">
      <Filter>Header Files</Filter>
    </ClInclude>
    <ClInclude Include="Actors\ActorClasses\APlayerController.hpp">
      <Filter>Header Files</Filter>
    </ClInclude>
    <ClInclude Include="Actors\Component\Component.hpp">
      <Filter>Header Files</Filter>
    </ClInclude>
    <ClInclude Include="Actors\ActorClasses\AFlyCam.hpp">
      <Filter>Header Files</Filter>
    </ClInclude>
    <ClInclude Include="Actors\ActorClasses\APawn.hpp">
      <Filter>Header Files</Filter>
    </ClInclude>
    <ClInclude Include="Actors\ActorClasses\AController.hpp">
      <Filter>Header Files</Filter>
    </ClInclude>
    <ClInclude Include="Actors\ActorClasses\ACharacter.hpp">
      <Filter>Header Files</Filter>
    </ClInclude>
    <ClInclude Include="Game\GMClientGame.hpp">
      <Filter>Header Files</Filter>
    </ClInclude>
    <ClInclude Include="Actors\ActorClasses\APlayer.hpp">
      <Filter>Header Files</Filter>
    </ClInclude>
    <ClInclude Include="Game\Inventory\ItemStack.hpp">
      <Filter>Header Files</Filter>
    </ClInclude>
    <ClInclude Include="Game\Inventory\ItemDef.hpp">
      <Filter>Header Files</Filter>
    </ClInclude>
    <ClInclude Include="Game\Inventory\Inventory.hpp">
      <Filter>Header Files</Filter>
    </ClInclude>
  </ItemGroup>
</Project>